
Microsoft Visual Studio Solution File, Format Version 11.00
# Visual Studio 2010
Project("{FAE04EC0-301F-11D3-BF4B-00C04F79EFBC}") = "Assembly-CSharp", "Assembly-CSharp.csproj", "{0c11a86f-d6b0-2d4d-7dfe-010703ffb69e}"
EndProject
Project("{FAE04EC0-301F-11D3-BF4B-00C04F79EFBC}") = "Assembly-CSharp-Editor", "Assembly-CSharp-Editor.csproj", "{6467e2cd-a8b0-bc94-6058-120240530014}"
EndProject
Global
	GlobalSection(SolutionConfigurationPlatforms) = preSolution
		Debug|Any CPU = Debug|Any CPU
	EndGlobalSection
	GlobalSection(ProjectConfigurationPlatforms) = postSolution
		{0c11a86f-d6b0-2d4d-7dfe-010703ffb69e}.Debug|Any CPU.ActiveCfg = Debug|Any CPU
		{0c11a86f-d6b0-2d4d-7dfe-010703ffb69e}.Debug|Any CPU.Build.0 = Debug|Any CPU
		{6467e2cd-a8b0-bc94-6058-120240530014}.Debug|Any CPU.ActiveCfg = Debug|Any CPU
		{6467e2cd-a8b0-bc94-6058-120240530014}.Debug|Any CPU.Build.0 = Debug|Any CPU
	EndGlobalSection
	GlobalSection(SolutionProperties) = preSolution
		HideSolutionNode = FALSE
	EndGlobalSection
EndGlobal
